
Microsoft Visual Studio Solution File, Format Version 12.00
# Visual Studio 2013
VisualStudioVersion = 12.0.21005.1
MinimumVisualStudioVersion = 10.0.40219.1
Project("{8BC9CEB8-8B4A-11D0-8D11-00A0C91BC942}") = "client", "client.vcxproj", "{E83E7847-D91D-4A4D-8466-C4603B55BD5D}"
EndProject
Global
	GlobalSection(SolutionConfigurationPlatforms) = preSolution
		Debug|Win32 = Debug|Win32
		Release|Win32 = Release|Win32
	EndGlobalSection
	GlobalSection(ProjectConfigurationPlatforms) = postSolution
		{E83E7847-D91D-4A4D-8466-C4603B55BD5D}.Debug|Win32.ActiveCfg = Debug|Win32
		{E83E7847-D91D-4A4D-8466-C4603B55BD5D}.Debug|Win32.Build.0 = Debug|Win32
		{E83E7847-D91D-4A4D-8466-C4603B55BD5D}.Release|Win32.ActiveCfg = Release|Win32
		{E83E7847-D91D-4A4D-8466-C4603B55BD5D}.Release|Win32.Build.0 = Release|Win32
	EndGlobalSection
	GlobalSection(SolutionProperties) = preSolution
		HideSolutionNode = FALSE
	EndGlobalSection
EndGlobal
